
Microsoft Visual Studio Solution File, Format Version 12.00
# Visual Studio Version 17
VisualStudioVersion = 17.6.33829.357
MinimumVisualStudioVersion = 10.0.40219.1
Project("{9A19103F-16F7-4668-BE54-9A1E7A4F7556}") = "EmptyBlazorAppMeteo_001", "EmptyBlazorAppMeteo_001\EmptyBlazorAppMeteo_001.csproj", "{9133AA0C-8AF2-4DF4-B363-09E1B6F21629}"
EndProject
Global
	GlobalSection(SolutionConfigurationPlatforms) = preSolution
		Debug|Any CPU = Debug|Any CPU
		Release|Any CPU = Release|Any CPU
	EndGlobalSection
	GlobalSection(ProjectConfigurationPlatforms) = postSolution
		{9133AA0C-8AF2-4DF4-B363-09E1B6F21629}.Debug|Any CPU.ActiveCfg = Debug|Any CPU
		{9133AA0C-8AF2-4DF4-B363-09E1B6F21629}.Debug|Any CPU.Build.0 = Debug|Any CPU
		{9133AA0C-8AF2-4DF4-B363-09E1B6F21629}.Release|Any CPU.ActiveCfg = Release|Any CPU
		{9133AA0C-8AF2-4DF4-B363-09E1B6F21629}.Release|Any CPU.Build.0 = Release|Any CPU
	EndGlobalSection
	GlobalSection(SolutionProperties) = preSolution
		HideSolutionNode = FALSE
	EndGlobalSection
	GlobalSection(ExtensibilityGlobals) = postSolution
		SolutionGuid = {1ED09818-F96A-48B0-A847-A15C466D0655}
	EndGlobalSection
EndGlobal
